// !$*UTF8*$!
{
	archiveVersion = 1;
	classes = {
	};
	objectVersion = 46;
	objects = {

/* Begin PBXBuildFile section */
		2401A0FB1CE22A0500DFF68F /* TranslucentWindow.swift in Sources */ = {isa = PBXBuildFile; fileRef = 2401A0FA1CE22A0500DFF68F /* TranslucentWindow.swift */; };
		243E85AE1CE20D2600F77235 /* AppDelegate.swift in Sources */ = {isa = PBXBuildFile; fileRef = 243E85AD1CE20D2600F77235 /* AppDelegate.swift */; };
		243E85B01CE20D2600F77235 /* TimerViewController.swift in Sources */ = {isa = PBXBuildFile; fileRef = 243E85AF1CE20D2600F77235 /* TimerViewController.swift */; };
		243E85B21CE20D2600F77235 /* Assets.xcassets in Resources */ = {isa = PBXBuildFile; fileRef = 243E85B11CE20D2600F77235 /* Assets.xcassets */; };
		243E85B51CE20D2600F77235 /* Main.storyboard in Resources */ = {isa = PBXBuildFile; fileRef = 243E85B31CE20D2600F77235 /* Main.storyboard */; };
/* End PBXBuildFile section */

/* Begin PBXFileReference section */
		2401A0FA1CE22A0500DFF68F /* TranslucentWindow.swift */ = {isa = PBXFileReference; fileEncoding = 4; lastKnownFileType = sourcecode.swift; path = TranslucentWindow.swift; sourceTree = "<group>"; };
		243E85AA1CE20D2600F77235 /* TinyTimer.app */ = {isa = PBXFileReference; explicitFileType = wrapper.application; includeInIndex = 0; path = TinyTimer.app; sourceTree = BUILT_PRODUCTS_DIR; };
		243E85AD1CE20D2600F77235 /* AppDelegate.swift */ = {isa = PBXFileReference; lastKnownFileType = sourcecode.swift; path = AppDelegate.swift; sourceTree = "<group>"; };
		243E85AF1CE20D2600F77235 /* TimerViewController.swift */ = {isa = PBXFileReference; lastKnownFileType = sourcecode.swift; path = TimerViewController.swift; sourceTree = "<group>"; };
		243E85B11CE20D2600F77235 /* Assets.xcassets */ = {isa = PBXFileReference; lastKnownFileType = folder.assetcatalog; path = Assets.xcassets; sourceTree = "<group>"; };
		243E85B41CE20D2600F77235 /* Base */ = {isa = PBXFileReference; lastKnownFileType = file.storyboard; name = Base; path = Base.lproj/Main.storyboard; sourceTree = "<group>"; };
		243E85B61CE20D2600F77235 /* Info.plist */ = {isa = PBXFileReference; lastKnownFileType = text.plist.xml; path = Info.plist; sourceTree = "<group>"; };
/* End PBXFileReference section */

/* Begin PBXFrameworksBuildPhase section */
		243E85A71CE20D2600F77235 /* Frameworks */ = {
			isa = PBXFrameworksBuildPhase;
			buildActionMask = 2147483647;
			files = (
			);
			runOnlyForDeploymentPostprocessing = 0;
		};
/* End PBXFrameworksBuildPhase section */

/* Begin PBXGroup section */
		243E85A11CE20D2500F77235 = {
			isa = PBXGroup;
			children = (
				243E85AC1CE20D2600F77235 /* TinyTimer */,
				243E85AB1CE20D2600F77235 /* Products */,
			);
			sourceTree = "<group>";
		};
		243E85AB1CE20D2600F77235 /* Products */ = {
			isa = PBXGroup;
			children = (
				243E85AA1CE20D2600F77235 /* TinyTimer.app */,
			);
			name = Products;
			sourceTree = "<group>";
		};
		243E85AC1CE20D2600F77235 /* TinyTimer */ = {
			isa = PBXGroup;
			children = (
				243E85AD1CE20D2600F77235 /* AppDelegate.swift */,
				24BFD22D1CE3C905000ED640 /* Controllers */,
				24BFD22C1CE3C8F1000ED640 /* Elements */,
				243E85B11CE20D2600F77235 /* Assets.xcassets */,
				243E85B31CE20D2600F77235 /* Main.storyboard */,
				243E85B61CE20D2600F77235 /* Info.plist */,
			);
			path = TinyTimer;
			sourceTree = "<group>";
		};
		24BFD22C1CE3C8F1000ED640 /* Elements */ = {
			isa = PBXGroup;
			children = (
				2401A0FA1CE22A0500DFF68F /* TranslucentWindow.swift */,
			);
			name = Elements;
			sourceTree = "<group>";
		};
		24BFD22D1CE3C905000ED640 /* Controllers */ = {
			isa = PBXGroup;
			children = (
				243E85AF1CE20D2600F77235 /* TimerViewController.swift */,
			);
			name = Controllers;
			sourceTree = "<group>";
		};
/* End PBXGroup section */

/* Begin PBXNativeTarget section */
		243E85A91CE20D2600F77235 /* TinyTimer */ = {
			isa = PBXNativeTarget;
			buildConfigurationList = 243E85B91CE20D2600F77235 /* Build configuration list for PBXNativeTarget "TinyTimer" */;
			buildPhases = (
				243E85A61CE20D2600F77235 /* Sources */,
				243E85A71CE20D2600F77235 /* Frameworks */,
				243E85A81CE20D2600F77235 /* Resources */,
			);
			buildRules = (
			);
			dependencies = (
			);
			name = TinyTimer;
			productName = Timer;
			productReference = 243E85AA1CE20D2600F77235 /* TinyTimer.app */;
			productType = "com.apple.product-type.application";
		};
/* End PBXNativeTarget section */

/* Begin PBXProject section */
		243E85A21CE20D2500F77235 /* Project object */ = {
			isa = PBXProject;
			attributes = {
				LastSwiftUpdateCheck = 0730;
				LastUpgradeCheck = 1020;
				ORGANIZATIONNAME = notro;
				TargetAttributes = {
					243E85A91CE20D2600F77235 = {
						CreatedOnToolsVersion = 7.3.1;
						DevelopmentTeam = AAPBC93DAB;
						LastSwiftMigration = 1020;
						ProvisioningStyle = Automatic;
					};
				};
			};
			buildConfigurationList = 243E85A51CE20D2500F77235 /* Build configuration list for PBXProject "TinyTimer" */;
			compatibilityVersion = "Xcode 3.2";
			developmentRegion = en;
			hasScannedForEncodings = 0;
			knownRegions = (
				en,
				Base,
			);
			mainGroup = 243E85A11CE20D2500F77235;
			productRefGroup = 243E85AB1CE20D2600F77235 /* Products */;
			projectDirPath = "";
			projectRoot = "";
			targets = (
				243E85A91CE20D2600F77235 /* TinyTimer */,
			);
		};
/* End PBXProject section */

/* Begin PBXResourcesBuildPhase section */
		243E85A81CE20D2600F77235 /* Resources */ = {
			isa = PBXResourcesBuildPhase;
			buildActionMask = 2147483647;
			files = (
				243E85B21CE20D2600F77235 /* Assets.xcassets in Resources */,
				243E85B51CE20D2600F77235 /* Main.storyboard in Resources */,
			);
			runOnlyForDeploymentPostprocessing = 0;
		};
/* End PBXResourcesBuildPhase section */

/* Begin PBXSourcesBuildPhase section */
		243E85A61CE20D2600F77235 /* Sources */ = {
			isa = PBXSourcesBuildPhase;
			buildActionMask = 2147483647;
			files = (
				2401A0FB1CE22A0500DFF68F /* TranslucentWindow.swift in Sources */,
				243E85B01CE20D2600F77235 /* TimerViewController.swift in Sources */,
				243E85AE1CE20D2600F77235 /* AppDelegate.swift in Sources */,
			);
			runOnlyForDeploymentPostprocessing = 0;
		};
/* End PBXSourcesBuildPhase section */

/* Begin PBXVariantGroup section */
		243E85B31CE20D2600F77235 /* Main.storyboard */ = {
			isa = PBXVariantGroup;
			children = (
				243E85B41CE20D2600F77235 /* Base */,
			);
			name = Main.storyboard;
			sourceTree = "<group>";
		};
/* End PBXVariantGroup section */

/* Begin XCBuildConfiguration section */
		243E85B71CE20D2600F77235 /* Debug */ = {
			isa = XCBuildConfiguration;
			buildSettings = {
				ALWAYS_SEARCH_USER_PATHS = NO;
				CLANG_ANALYZER_LOCALIZABILITY_NONLOCALIZED = YES;
				CLANG_ANALYZER_NONNULL = YES;
				CLANG_CXX_LANGUAGE_STANDARD = "gnu++0x";
				CLANG_CXX_LIBRARY = "libc++";
				CLANG_ENABLE_MODULES = YES;
				CLANG_ENABLE_OBJC_ARC = YES;
				CLANG_WARN_BLOCK_CAPTURE_AUTORELEASING = YES;
				CLANG_WARN_BOOL_CONVERSION = YES;
				CLANG_WARN_COMMA = YES;
				CLANG_WARN_CONSTANT_CONVERSION = YES;
				CLANG_WARN_DEPRECATED_OBJC_IMPLEMENTATIONS = YES;
				CLANG_WARN_DIRECT_OBJC_ISA_USAGE = YES_ERROR;
				CLANG_WARN_EMPTY_BODY = YES;
				CLANG_WARN_ENUM_CONVERSION = YES;
				CLANG_WARN_INFINITE_RECURSION = YES;
				CLANG_WARN_INT_CONVERSION = YES;
				CLANG_WARN_NON_LITERAL_NULL_CONVERSION = YES;
				CLANG_WARN_OBJC_IMPLICIT_RETAIN_SELF = YES;
				CLANG_WARN_OBJC_LITERAL_CONVERSION = YES;
				CLANG_WARN_OBJC_ROOT_CLASS = YES_ERROR;
				CLANG_WARN_RANGE_LOOP_ANALYSIS = YES;
				CLANG_WARN_STRICT_PROTOTYPES = YES;
				CLANG_WARN_SUSPICIOUS_MOVE = YES;
				CLANG_WARN_UNREACHABLE_CODE = YES;
				CLANG_WARN__DUPLICATE_METHOD_MATCH = YES;
				CODE_SIGN_IDENTITY = "Mac Developer";
				COPY_PHASE_STRIP = NO;
				DEBUG_INFORMATION_FORMAT = dwarf;
				ENABLE_STRICT_OBJC_MSGSEND = YES;
				ENABLE_TESTABILITY = YES;
				GCC_C_LANGUAGE_STANDARD = gnu99;
				GCC_DYNAMIC_NO_PIC = NO;
				GCC_NO_COMMON_BLOCKS = YES;
				GCC_OPTIMIZATION_LEVEL = 0;
				GCC_PREPROCESSOR_DEFINITIONS = (
					"DEBUG=1",
					"$(inherited)",
				);
				GCC_WARN_64_TO_32_BIT_CONVERSION = YES;
				GCC_WARN_ABOUT_RETURN_TYPE = YES_ERROR;
				GCC_WARN_UNDECLARED_SELECTOR = YES;
				GCC_WARN_UNINITIALIZED_AUTOS = YES_AGGRESSIVE;
				GCC_WARN_UNUSED_FUNCTION = YES;
				GCC_WARN_UNUSED_VARIABLE = YES;
				MACOSX_DEPLOYMENT_TARGET = 10.12;
				ONLY_ACTIVE_ARCH = YES;
				SDKROOT = macosx;
				SWIFT_OPTIMIZATION_LEVEL = "-Onone";
				SWIFT_VERSION = 5.0;
			};
			name = Debug;
		};
		243E85B81CE20D2600F77235 /* Release */ = {
			isa = XCBuildConfiguration;
			buildSettings = {
				ALWAYS_SEARCH_USER_PATHS = NO;
				CLANG_ANALYZER_LOCALIZABILITY_NONLOCALIZED = YES;
				CLANG_ANALYZER_NONNULL = YES;
				CLANG_CXX_LANGUAGE_STANDARD = "gnu++0x";
				CLANG_CXX_LIBRARY = "libc++";
				CLANG_ENABLE_MODULES = YES;
				CLANG_ENABLE_OBJC_ARC = YES;
				CLANG_WARN_BLOCK_CAPTURE_AUTORELEASING = YES;
				CLANG_WARN_BOOL_CONVERSION = YES;
				CLANG_WARN_COMMA = YES;
				CLANG_WARN_CONSTANT_CONVERSION = YES;
				CLANG_WARN_DEPRECATED_OBJC_IMPLEMENTATIONS = YES;
				CLANG_WARN_DIRECT_OBJC_ISA_USAGE = YES_ERROR;
				CLANG_WARN_EMPTY_BODY = YES;
				CLANG_WARN_ENUM_CONVERSION = YES;
				CLANG_WARN_INFINITE_RECURSION = YES;
				CLANG_WARN_INT_CONVERSION = YES;
				CLANG_WARN_NON_LITERAL_NULL_CONVERSION = YES;
				CLANG_WARN_OBJC_IMPLICIT_RETAIN_SELF = YES;
				CLANG_WARN_OBJC_LITERAL_CONVERSION = YES;
				CLANG_WARN_OBJC_ROOT_CLASS = YES_ERROR;
				CLANG_WARN_RANGE_LOOP_ANALYSIS = YES;
				CLANG_WARN_STRICT_PROTOTYPES = YES;
				CLANG_WARN_SUSPICIOUS_MOVE = YES;
				CLANG_WARN_UNREACHABLE_CODE = YES;
				CLANG_WARN__DUPLICATE_METHOD_MATCH = YES;
				CODE_SIGN_IDENTITY = "Mac Developer";
				COPY_PHASE_STRIP = NO;
				DEBUG_INFORMATION_FORMAT = "dwarf-with-dsym";
				ENABLE_NS_ASSERTIONS = NO;
				ENABLE_STRICT_OBJC_MSGSEND = YES;
				GCC_C_LANGUAGE_STANDARD = gnu99;
				GCC_NO_COMMON_BLOCKS = YES;
				GCC_WARN_64_TO_32_BIT_CONVERSION = YES;
				GCC_WARN_ABOUT_RETURN_TYPE = YES_ERROR;
				GCC_WARN_UNDECLARED_SELECTOR = YES;
				GCC_WARN_UNINITIALIZED_AUTOS = YES_AGGRESSIVE;
				GCC_WARN_UNUSED_FUNCTION = YES;
				GCC_WARN_UNUSED_VARIABLE = YES;
				MACOSX_DEPLOYMENT_TARGET = 10.12;
				SDKROOT = macosx;
				SWIFT_VERSION = 5.0;
			};
			name = Release;
		};
		243E85BA1CE20D2600F77235 /* Debug */ = {
			isa = XCBuildConfiguration;
			buildSettings = {
				ASSETCATALOG_COMPILER_APPICON_NAME = AppIcon;
				CODE_SIGN_STYLE = Automatic;
				COMBINE_HIDPI_IMAGES = YES;
				DEVELOPMENT_TEAM = AAPBC93DAB;
				INFOPLIST_FILE = "$(SRCROOT)/TinyTimer/Info.plist";
				LD_RUNPATH_SEARCH_PATHS = "$(inherited) @executable_path/../Frameworks";
				PRODUCT_BUNDLE_IDENTIFIER = net.vangerow.TinyTimer;
				PRODUCT_NAME = TinyTimer;
				PROVISIONING_PROFILE_SPECIFIER = "";
			};
			name = Debug;
		};
		243E85BB1CE20D2600F77235 /* Release */ = {
			isa = XCBuildConfiguration;
			buildSettings = {
				ASSETCATALOG_COMPILER_APPICON_NAME = AppIcon;
				CODE_SIGN_STYLE = Automatic;
				COMBINE_HIDPI_IMAGES = YES;
				DEVELOPMENT_TEAM = AAPBC93DAB;
				INFOPLIST_FILE = "$(SRCROOT)/TinyTimer/Info.plist";
				LD_RUNPATH_SEARCH_PATHS = "$(inherited) @executable_path/../Frameworks";
				PRODUCT_BUNDLE_IDENTIFIER = net.vangerow.TinyTimer;
				PRODUCT_NAME = TinyTimer;
				PROVISIONING_PROFILE_SPECIFIER = "";
				SWIFT_OPTIMIZATION_LEVEL = "-Owholemodule";
			};
			name = Release;
		};
/* End XCBuildConfiguration section */

/* Begin XCConfigurationList section */
		243E85A51CE20D2500F77235 /* Build configuration list for PBXProject "TinyTimer" */ = {
			isa = XCConfigurationList;
			buildConfigurations = (
				243E85B71CE20D2600F77235 /* Debug */,
				243E85B81CE20D2600F77235 /* Release */,
			);
			defaultConfigurationIsVisible = 0;
			defaultConfigurationName = Release;
		};
		243E85B91CE20D2600F77235 /* Build configuration list for PBXNativeTarget "TinyTimer" */ = {
			isa = XCConfigurationList;
			buildConfigurations = (
				243E85BA1CE20D2600F77235 /* Debug */,
				243E85BB1CE20D2600F77235 /* Release */,
			);
			defaultConfigurationIsVisible = 0;
			defaultConfigurationName = Release;
		};
/* End XCConfigurationList section */
	};
	rootObject = 243E85A21CE20D2500F77235 /* Project object */;
}
